
Microsoft Visual Studio Solution File, Format Version 12.00
# Visual Studio Version 17
VisualStudioVersion = 17.14.37314.3 d17.14
MinimumVisualStudioVersion = 10.0.40219.1
Project("{54A90642-561A-4BB1-A94E-469ADEE60C69}") = "finaltask.client", "finaltask.client\finaltask.client.esproj", "{92A5D30E-2383-C7E3-218B-81F0B2445E9E}"
EndProject
Project("{FAE04EC0-301F-11D3-BF4B-00C04F79EFBC}") = "FinalTask.Server", "FinalTask.Server\FinalTask.Server.csproj", "{D5868192-11BD-4D1A-BF9A-666F783B5C98}"
EndProject
Global
	GlobalSection(SolutionConfigurationPlatforms) = preSolution
		Debug|Any CPU = Debug|Any CPU
		Release|Any CPU = Release|Any CPU
	EndGlobalSection
	GlobalSection(ProjectConfigurationPlatforms) = postSolution
		{92A5D30E-2383-C7E3-218B-81F0B2445E9E}.Debug|Any CPU.ActiveCfg = Debug|Any CPU
		{92A5D30E-2383-C7E3-218B-81F0B2445E9E}.Debug|Any CPU.Build.0 = Debug|Any CPU
		{92A5D30E-2383-C7E3-218B-81F0B2445E9E}.Debug|Any CPU.Deploy.0 = Debug|Any CPU
		{92A5D30E-2383-C7E3-218B-81F0B2445E9E}.Release|Any CPU.ActiveCfg = Release|Any CPU
		{92A5D30E-2383-C7E3-218B-81F0B2445E9E}.Release|Any CPU.Build.0 = Release|Any CPU
		{92A5D30E-2383-C7E3-218B-81F0B2445E9E}.Release|Any CPU.Deploy.0 = Release|Any CPU
		{D5868192-11BD-4D1A-BF9A-666F783B5C98}.Debug|Any CPU.ActiveCfg = Debug|Any CPU
		{D5868192-11BD-4D1A-BF9A-666F783B5C98}.Debug|Any CPU.Build.0 = Debug|Any CPU
		{D5868192-11BD-4D1A-BF9A-666F783B5C98}.Release|Any CPU.ActiveCfg = Release|Any CPU
		{D5868192-11BD-4D1A-BF9A-666F783B5C98}.Release|Any CPU.Build.0 = Release|Any CPU
	EndGlobalSection
	GlobalSection(SolutionProperties) = preSolution
		HideSolutionNode = FALSE
	EndGlobalSection
	GlobalSection(ExtensibilityGlobals) = postSolution
		SolutionGuid = {E37D802D-0B88-40FA-853D-A29AA2E8FDEF}
	EndGlobalSection
EndGlobal
